{
  "name": "mutual-aid",
  "version": "1.0.0",
  "lockfileVersion": 2,
  "requires": true,
  "packages": {
    "": {
      "name": "mutual-aid",
      "version": "1.0.0",
      "license": "ISC",
      "dependencies": {
        "wxml-to-canvas": "1.0.1"
      }
    },
    "node_modules/eventemitter3": {
      "version": "4.0.7",
      "resolved": "https://registry.npmmirror.com/eventemitter3/-/eventemitter3-4.0.7.tgz",
      "integrity": "sha512-8guHBZCwKnFhYdHr2ysuRWErTwhoN2X8XELRlrRwpmfeY2jjuUN4taQMsULKUVo1K4DvZl+0pgfyoysHxvmvEw=="
    },
    "node_modules/widget-ui": {
      "version": "1.0.2",
      "resolved": "https://registry.npmmirror.com/widget-ui/-/widget-ui-1.0.2.tgz",
      "integrity": "sha512-gDXosr5mflJdMA1weU1A47aTsTFfMJhfA4EKgO5XFebY3eVklf80KD4GODfrjo8J2WQ+9YjL1Rd9UUmKIzhShw==",
      "dependencies": {
        "eventemitter3": "^4.0.0"
      }
    },
    "node_modules/wxml-to-canvas": {
      "version": "1.0.1",
      "resolved": "https://registry.npmmirror.com/wxml-to-canvas/-/wxml-to-canvas-1.0.1.tgz",
      "integrity": "sha512-WhYR9SLTAlUZGpzQ94p2D5pXY5/d+vh61IKB3Wh1XNQjhXPs2XPS1QyQ1S2ikMMFpW+CI4hVrXdBtN9eloTIfg==",
      "dependencies": {
        "widget-ui": "^1.0.2"
      }
    }
  },
  "dependencies": {
    "eventemitter3": {
      "version": "4.0.7",
      "resolved": "https://registry.npmmirror.com/eventemitter3/-/eventemitter3-4.0.7.tgz",
      "integrity": "sha512-8guHBZCwKnFhYdHr2ysuRWErTwhoN2X8XELRlrRwpmfeY2jjuUN4taQMsULKUVo1K4DvZl+0pgfyoysHxvmvEw=="
    },
    "widget-ui": {
      "version": "1.0.2",
      "resolved": "https://registry.npmmirror.com/widget-ui/-/widget-ui-1.0.2.tgz",
      "integrity": "sha512-gDXosr5mflJdMA1weU1A47aTsTFfMJhfA4EKgO5XFebY3eVklf80KD4GODfrjo8J2WQ+9YjL1Rd9UUmKIzhShw==",
      "requires": {
        "eventemitter3": "^4.0.0"
      }
    },
    "wxml-to-canvas": {
      "version": "1.0.1",
      "resolved": "https://registry.npmmirror.com/wxml-to-canvas/-/wxml-to-canvas-1.0.1.tgz",
      "integrity": "sha512-WhYR9SLTAlUZGpzQ94p2D5pXY5/d+vh61IKB3Wh1XNQjhXPs2XPS1QyQ1S2ikMMFpW+CI4hVrXdBtN9eloTIfg==",
      "requires": {
        "widget-ui": "^1.0.2"
      }
    }
  }
}
