# THIS IS AN AUTOGENERATED FILE. DO NOT EDIT THIS FILE DIRECTLY.
# yarn lockfile v1


eventemitter3@^4.0.0:
  version "4.0.7"
  resolved "https://registry.npmmirror.com/eventemitter3/-/eventemitter3-4.0.7.tgz#2de9b68f6528d5644ef5c59526a1b4a07306169f"
  integrity sha512-8guHBZCwKnFhYdHr2ysuRWErTwhoN2X8XELRlrRwpmfeY2jjuUN4taQMsULKUVo1K4DvZl+0pgfyoysHxvmvEw==

widget-ui@^1.0.2:
  version "1.0.2"
  resolved "https://registry.npmmirror.com/widget-ui/-/widget-ui-1.0.2.tgz#d65a560b91739fbd0ea7c2f5f2d28fe4c0132470"
  integrity sha512-gDXosr5mflJdMA1weU1A47aTsTFfMJhfA4EKgO5XFebY3eVklf80KD4GODfrjo8J2WQ+9YjL1Rd9UUmKIzhShw==
  dependencies:
    eventemitter3 "^4.0.0"

wxml-to-canvas@1.0.1:
  version "1.0.1"
  resolved "https://registry.npmmirror.com/wxml-to-canvas/-/wxml-to-canvas-1.0.1.tgz#83c55787c905499fd3aca69b5cbdc67ee807881f"
  integrity sha512-WhYR9SLTAlUZGpzQ94p2D5pXY5/d+vh61IKB3Wh1XNQjhXPs2XPS1QyQ1S2ikMMFpW+CI4hVrXdBtN9eloTIfg==
  dependencies:
    widget-ui "^1.0.2"
